
Microsoft Visual Studio Solution File, Format Version 12.00
Project("{FAE04EC0-301F-11D3-BF4B-00C04F79EFBC}") = "Azure_function_logs", "Azure_function_logs\Azure_function_logs.csproj", "{12BEF2F6-E95B-4A25-9EEA-741685C89C1A}"
EndProject
Project("{FAE04EC0-301F-11D3-BF4B-00C04F79EFBC}") = "AzureTests", "AzureTests\AzureTests.csproj", "{8A6E8271-5090-4D7A-B48A-C62CB24A7D92}"
EndProject
Project("{FAE04EC0-301F-11D3-BF4B-00C04F79EFBC}") = "GettingDataInMinute", "GettingDataInMinute\GettingDataInMinute.csproj", "{1E82C80D-3AAF-43B6-AE95-6AD9585AF364}"
EndProject
Global
	GlobalSection(SolutionConfigurationPlatforms) = preSolution
		Debug|Any CPU = Debug|Any CPU
		Release|Any CPU = Release|Any CPU
	EndGlobalSection
	GlobalSection(ProjectConfigurationPlatforms) = postSolution
		{12BEF2F6-E95B-4A25-9EEA-741685C89C1A}.Debug|Any CPU.ActiveCfg = Debug|Any CPU
		{12BEF2F6-E95B-4A25-9EEA-741685C89C1A}.Debug|Any CPU.Build.0 = Debug|Any CPU
		{12BEF2F6-E95B-4A25-9EEA-741685C89C1A}.Release|Any CPU.ActiveCfg = Release|Any CPU
		{12BEF2F6-E95B-4A25-9EEA-741685C89C1A}.Release|Any CPU.Build.0 = Release|Any CPU
		{8A6E8271-5090-4D7A-B48A-C62CB24A7D92}.Debug|Any CPU.ActiveCfg = Debug|Any CPU
		{8A6E8271-5090-4D7A-B48A-C62CB24A7D92}.Debug|Any CPU.Build.0 = Debug|Any CPU
		{8A6E8271-5090-4D7A-B48A-C62CB24A7D92}.Release|Any CPU.ActiveCfg = Release|Any CPU
		{8A6E8271-5090-4D7A-B48A-C62CB24A7D92}.Release|Any CPU.Build.0 = Release|Any CPU
		{1E82C80D-3AAF-43B6-AE95-6AD9585AF364}.Debug|Any CPU.ActiveCfg = Debug|Any CPU
		{1E82C80D-3AAF-43B6-AE95-6AD9585AF364}.Debug|Any CPU.Build.0 = Debug|Any CPU
		{1E82C80D-3AAF-43B6-AE95-6AD9585AF364}.Release|Any CPU.ActiveCfg = Release|Any CPU
		{1E82C80D-3AAF-43B6-AE95-6AD9585AF364}.Release|Any CPU.Build.0 = Release|Any CPU
	EndGlobalSection
EndGlobal
